# This file is automatically @generated by Cargo.
# It is not intended for manual editing.
version = 3

[[package]]
name = "assert_approx_eq"
version = "1.1.0"
source = "registry+https://github.com/rust-lang/crates.io-index"
checksum = "3c07dab4369547dbe5114677b33fbbf724971019f3818172d59a97a61c774ffd"

[[package]]
name = "hashbrown"
version = "0.3.1"
source = "registry+https://github.com/rust-lang/crates.io-index"
checksum = "29fba9abe4742d586dfd0c06ae4f7e73a1c2d86b856933509b269d82cdf06e18"

[[package]]
name = "libc"
version = "0.2.103"
source = "registry+https://github.com/rust-lang/crates.io-index"
checksum = "dd8f7255a17a627354f321ef0055d63b898c6fb27eff628af4d1b66b7331edf6"

[[package]]
name = "nanomesh-rust"
version = "0.1.0"
dependencies = [
 "assert_approx_eq",
 "hashbrown",
 "libc",
]
